
Microsoft Visual Studio Solution File, Format Version 12.00
# Visual Studio Version 16
VisualStudioVersion = 16.0.30517.126
MinimumVisualStudioVersion = 10.0.40219.1
Project("{9A19103F-16F7-4668-BE54-9A1E7A4F7556}") = "Project 8", "Project 8\Project 8.csproj", "{779453C1-DFB1-4521-BA6A-7FE6DD3EF01F}"
EndProject
Global
	GlobalSection(SolutionConfigurationPlatforms) = preSolution
		Debug|Any CPU = Debug|Any CPU
		Release|Any CPU = Release|Any CPU
	EndGlobalSection
	GlobalSection(ProjectConfigurationPlatforms) = postSolution
		{779453C1-DFB1-4521-BA6A-7FE6DD3EF01F}.Debug|Any CPU.ActiveCfg = Debug|Any CPU
		{779453C1-DFB1-4521-BA6A-7FE6DD3EF01F}.Debug|Any CPU.Build.0 = Debug|Any CPU
		{779453C1-DFB1-4521-BA6A-7FE6DD3EF01F}.Release|Any CPU.ActiveCfg = Release|Any CPU
		{779453C1-DFB1-4521-BA6A-7FE6DD3EF01F}.Release|Any CPU.Build.0 = Release|Any CPU
	EndGlobalSection
	GlobalSection(SolutionProperties) = preSolution
		HideSolutionNode = FALSE
	EndGlobalSection
	GlobalSection(ExtensibilityGlobals) = postSolution
		SolutionGuid = {A0D084E8-98D3-4057-A896-4F1714FA9191}
	EndGlobalSection
EndGlobal
